
Microsoft Visual Studio Solution File, Format Version 12.00
# Visual Studio Version 17
VisualStudioVersion = 17.14.37012.4
MinimumVisualStudioVersion = 10.0.40219.1
Project("{FAE04EC0-301F-11D3-BF4B-00C04F79EFBC}") = "Bank", "Bank.csproj", "{D1D61C0D-6AEC-4570-AA72-838D66D4115B}"
EndProject
Project("{FAE04EC0-301F-11D3-BF4B-00C04F79EFBC}") = "BankTests", "..\BankTests\BankTests.csproj", "{CDB0F67F-7587-44B9-B500-24F0FFAF67CE}"
EndProject
Global
	GlobalSection(SolutionConfigurationPlatforms) = preSolution
		Debug|Any CPU = Debug|Any CPU
		Release|Any CPU = Release|Any CPU
	EndGlobalSection
	GlobalSection(ProjectConfigurationPlatforms) = postSolution
		{D1D61C0D-6AEC-4570-AA72-838D66D4115B}.Debug|Any CPU.ActiveCfg = Debug|Any CPU
		{D1D61C0D-6AEC-4570-AA72-838D66D4115B}.Debug|Any CPU.Build.0 = Debug|Any CPU
		{D1D61C0D-6AEC-4570-AA72-838D66D4115B}.Release|Any CPU.ActiveCfg = Release|Any CPU
		{D1D61C0D-6AEC-4570-AA72-838D66D4115B}.Release|Any CPU.Build.0 = Release|Any CPU
		{CDB0F67F-7587-44B9-B500-24F0FFAF67CE}.Debug|Any CPU.ActiveCfg = Debug|Any CPU
		{CDB0F67F-7587-44B9-B500-24F0FFAF67CE}.Debug|Any CPU.Build.0 = Debug|Any CPU
		{CDB0F67F-7587-44B9-B500-24F0FFAF67CE}.Release|Any CPU.ActiveCfg = Release|Any CPU
		{CDB0F67F-7587-44B9-B500-24F0FFAF67CE}.Release|Any CPU.Build.0 = Release|Any CPU
	EndGlobalSection
	GlobalSection(SolutionProperties) = preSolution
		HideSolutionNode = FALSE
	EndGlobalSection
	GlobalSection(ExtensibilityGlobals) = postSolution
		SolutionGuid = {DA8104DF-AEF3-4D83-9B08-3A1FA013A547}
	EndGlobalSection
EndGlobal
